
Microsoft Visual Studio Solution File, Format Version 12.00
# Visual Studio Version 16
VisualStudioVersion = 16.0.30204.135
MinimumVisualStudioVersion = 10.0.40219.1
Project("{FAE04EC0-301F-11D3-BF4B-00C04F79EFBC}") = "SearchForFile", "SearchForFile\SearchForFile.csproj", "{B2CD2AE2-4671-4E4C-806A-0D9570BFC3F8}"
EndProject
Global
	GlobalSection(SolutionConfigurationPlatforms) = preSolution
		Debug|Any CPU = Debug|Any CPU
		Release|Any CPU = Release|Any CPU
	EndGlobalSection
	GlobalSection(ProjectConfigurationPlatforms) = postSolution
		{B2CD2AE2-4671-4E4C-806A-0D9570BFC3F8}.Debug|Any CPU.ActiveCfg = Debug|Any CPU
		{B2CD2AE2-4671-4E4C-806A-0D9570BFC3F8}.Debug|Any CPU.Build.0 = Debug|Any CPU
		{B2CD2AE2-4671-4E4C-806A-0D9570BFC3F8}.Release|Any CPU.ActiveCfg = Release|Any CPU
		{B2CD2AE2-4671-4E4C-806A-0D9570BFC3F8}.Release|Any CPU.Build.0 = Release|Any CPU
	EndGlobalSection
	GlobalSection(SolutionProperties) = preSolution
		HideSolutionNode = FALSE
	EndGlobalSection
	GlobalSection(ExtensibilityGlobals) = postSolution
		SolutionGuid = {9B2BC17B-CEE1-4B5C-8B79-7FD715BBB13B}
	EndGlobalSection
EndGlobal
